// !$*UTF8*$!
{
	archiveVersion = 1;
	classes = {
	};
	objectVersion = 50;
	objects = {

/* Begin PBXBuildFile section */
		B8178E99261ED2CD004782E2 /* InputVC.swift in Sources */ = {isa = PBXBuildFile; fileRef = B8178E98261ED2CD004782E2 /* InputVC.swift */; };
		B898A022260A89A800F4D51C /* AppDelegate.swift in Sources */ = {isa = PBXBuildFile; fileRef = B898A021260A89A800F4D51C /* AppDelegate.swift */; };
		B898A024260A89A800F4D51C /* SceneDelegate.swift in Sources */ = {isa = PBXBuildFile; fileRef = B898A023260A89A800F4D51C /* SceneDelegate.swift */; };
		B898A026260A89A800F4D51C /* StartVC.swift in Sources */ = {isa = PBXBuildFile; fileRef = B898A025260A89A800F4D51C /* StartVC.swift */; };
		B898A029260A89A800F4D51C /* Main.storyboard in Resources */ = {isa = PBXBuildFile; fileRef = B898A027260A89A800F4D51C /* Main.storyboard */; };
		B898A02B260A89A900F4D51C /* Assets.xcassets in Resources */ = {isa = PBXBuildFile; fileRef = B898A02A260A89A900F4D51C /* Assets.xcassets */; };
		B898A02E260A89A900F4D51C /* LaunchScreen.storyboard in Resources */ = {isa = PBXBuildFile; fileRef = B898A02C260A89A900F4D51C /* LaunchScreen.storyboard */; };
		B898A03B260AA92F00F4D51C /* CalculationVC.swift in Sources */ = {isa = PBXBuildFile; fileRef = B898A03A260AA92F00F4D51C /* CalculationVC.swift */; };
/* End PBXBuildFile section */

/* Begin PBXFileReference section */
		B8178E98261ED2CD004782E2 /* InputVC.swift */ = {isa = PBXFileReference; lastKnownFileType = sourcecode.swift; path = InputVC.swift; sourceTree = "<group>"; };
		B898A01E260A89A800F4D51C /* IsaIshangulyyev_HW2.app */ = {isa = PBXFileReference; explicitFileType = wrapper.application; includeInIndex = 0; path = IsaIshangulyyev_HW2.app; sourceTree = BUILT_PRODUCTS_DIR; };
		B898A021260A89A800F4D51C /* AppDelegate.swift */ = {isa = PBXFileReference; lastKnownFileType = sourcecode.swift; path = AppDelegate.swift; sourceTree = "<group>"; };
		B898A023260A89A800F4D51C /* SceneDelegate.swift */ = {isa = PBXFileReference; lastKnownFileType = sourcecode.swift; path = SceneDelegate.swift; sourceTree = "<group>"; };
		B898A025260A89A800F4D51C /* StartVC.swift */ = {isa = PBXFileReference; lastKnownFileType = sourcecode.swift; path = StartVC.swift; sourceTree = "<group>"; };
		B898A028260A89A800F4D51C /* Base */ = {isa = PBXFileReference; lastKnownFileType = file.storyboard; name = Base; path = Base.lproj/Main.storyboard; sourceTree = "<group>"; };
		B898A02A260A89A900F4D51C /* Assets.xcassets */ = {isa = PBXFileReference; lastKnownFileType = folder.assetcatalog; path = Assets.xcassets; sourceTree = "<group>"; };
		B898A02D260A89A900F4D51C /* Base */ = {isa = PBXFileReference; lastKnownFileType = file.storyboard; name = Base; path = Base.lproj/LaunchScreen.storyboard; sourceTree = "<group>"; };
		B898A02F260A89A900F4D51C /* Info.plist */ = {isa = PBXFileReference; lastKnownFileType = text.plist.xml; path = Info.plist; sourceTree = "<group>"; };
		B898A03A260AA92F00F4D51C /* CalculationVC.swift */ = {isa = PBXFileReference; lastKnownFileType = sourcecode.swift; path = CalculationVC.swift; sourceTree = "<group>"; };
/* End PBXFileReference section */

/* Begin PBXFrameworksBuildPhase section */
		B898A01B260A89A800F4D51C /* Frameworks */ = {
			isa = PBXFrameworksBuildPhase;
			buildActionMask = 2147483647;
			files = (
			);
			runOnlyForDeploymentPostprocessing = 0;
		};
/* End PBXFrameworksBuildPhase section */

/* Begin PBXGroup section */
		B898A015260A89A800F4D51C = {
			isa = PBXGroup;
			children = (
				B898A020260A89A800F4D51C /* IsaIshangulyyev_HW2 */,
				B898A01F260A89A800F4D51C /* Products */,
			);
			sourceTree = "<group>";
		};
		B898A01F260A89A800F4D51C /* Products */ = {
			isa = PBXGroup;
			children = (
				B898A01E260A89A800F4D51C /* IsaIshangulyyev_HW2.app */,
			);
			name = Products;
			sourceTree = "<group>";
		};
		B898A020260A89A800F4D51C /* IsaIshangulyyev_HW2 */ = {
			isa = PBXGroup;
			children = (
				B898A021260A89A800F4D51C /* AppDelegate.swift */,
				B898A023260A89A800F4D51C /* SceneDelegate.swift */,
				B898A025260A89A800F4D51C /* StartVC.swift */,
				B898A03A260AA92F00F4D51C /* CalculationVC.swift */,
				B8178E98261ED2CD004782E2 /* InputVC.swift */,
				B898A027260A89A800F4D51C /* Main.storyboard */,
				B898A02A260A89A900F4D51C /* Assets.xcassets */,
				B898A02C260A89A900F4D51C /* LaunchScreen.storyboard */,
				B898A02F260A89A900F4D51C /* Info.plist */,
			);
			path = IsaIshangulyyev_HW2;
			sourceTree = "<group>";
		};
/* End PBXGroup section */

/* Begin PBXNativeTarget section */
		B898A01D260A89A800F4D51C /* IsaIshangulyyev_HW2 */ = {
			isa = PBXNativeTarget;
			buildConfigurationList = B898A032260A89A900F4D51C /* Build configuration list for PBXNativeTarget "IsaIshangulyyev_HW2" */;
			buildPhases = (
				B898A01A260A89A800F4D51C /* Sources */,
				B898A01B260A89A800F4D51C /* Frameworks */,
				B898A01C260A89A800F4D51C /* Resources */,
			);
			buildRules = (
			);
			dependencies = (
			);
			name = IsaIshangulyyev_HW2;
			productName = IsaIshangulyyev_HW2;
			productReference = B898A01E260A89A800F4D51C /* IsaIshangulyyev_HW2.app */;
			productType = "com.apple.product-type.application";
		};
/* End PBXNativeTarget section */

/* Begin PBXProject section */
		B898A016260A89A800F4D51C /* Project object */ = {
			isa = PBXProject;
			attributes = {
				LastSwiftUpdateCheck = 1240;
				LastUpgradeCheck = 1240;
				TargetAttributes = {
					B898A01D260A89A800F4D51C = {
						CreatedOnToolsVersion = 12.4;
					};
				};
			};
			buildConfigurationList = B898A019260A89A800F4D51C /* Build configuration list for PBXProject "IsaIshangulyyev_HW2" */;
			compatibilityVersion = "Xcode 9.3";
			developmentRegion = en;
			hasScannedForEncodings = 0;
			knownRegions = (
				en,
				Base,
			);
			mainGroup = B898A015260A89A800F4D51C;
			productRefGroup = B898A01F260A89A800F4D51C /* Products */;
			projectDirPath = "";
			projectRoot = "";
			targets = (
				B898A01D260A89A800F4D51C /* IsaIshangulyyev_HW2 */,
			);
		};
/* End PBXProject section */

/* Begin PBXResourcesBuildPhase section */
		B898A01C260A89A800F4D51C /* Resources */ = {
			isa = PBXResourcesBuildPhase;
			buildActionMask = 2147483647;
			files = (
				B898A02E260A89A900F4D51C /* LaunchScreen.storyboard in Resources */,
				B898A02B260A89A900F4D51C /* Assets.xcassets in Resources */,
				B898A029260A89A800F4D51C /* Main.storyboard in Resources */,
			);
			runOnlyForDeploymentPostprocessing = 0;
		};
/* End PBXResourcesBuildPhase section */

/* Begin PBXSourcesBuildPhase section */
		B898A01A260A89A800F4D51C /* Sources */ = {
			isa = PBXSourcesBuildPhase;
			buildActionMask = 2147483647;
			files = (
				B8178E99261ED2CD004782E2 /* InputVC.swift in Sources */,
				B898A026260A89A800F4D51C /* StartVC.swift in Sources */,
				B898A03B260AA92F00F4D51C /* CalculationVC.swift in Sources */,
				B898A022260A89A800F4D51C /* AppDelegate.swift in Sources */,
				B898A024260A89A800F4D51C /* SceneDelegate.swift in Sources */,
			);
			runOnlyForDeploymentPostprocessing = 0;
		};
/* End PBXSourcesBuildPhase section */

/* Begin PBXVariantGroup section */
		B898A027260A89A800F4D51C /* Main.storyboard */ = {
			isa = PBXVariantGroup;
			children = (
				B898A028260A89A800F4D51C /* Base */,
			);
			name = Main.storyboard;
			sourceTree = "<group>";
		};
		B898A02C260A89A900F4D51C /* LaunchScreen.storyboard */ = {
			isa = PBXVariantGroup;
			children = (
				B898A02D260A89A900F4D51C /* Base */,
			);
			name = LaunchScreen.storyboard;
			sourceTree = "<group>";
		};
/* End PBXVariantGroup section */

/* Begin XCBuildConfiguration section */
		B898A030260A89A900F4D51C /* Debug */ = {
			isa = XCBuildConfiguration;
			buildSettings = {
				ALWAYS_SEARCH_USER_PATHS = NO;
				CLANG_ANALYZER_NONNULL = YES;
				CLANG_ANALYZER_NUMBER_OBJECT_CONVERSION = YES_AGGRESSIVE;
				CLANG_CXX_LANGUAGE_STANDARD = "gnu++14";
				CLANG_CXX_LIBRARY = "libc++";
				CLANG_ENABLE_MODULES = YES;
				CLANG_ENABLE_OBJC_ARC = YES;
				CLANG_ENABLE_OBJC_WEAK = YES;
				CLANG_WARN_BLOCK_CAPTURE_AUTORELEASING = YES;
				CLANG_WARN_BOOL_CONVERSION = YES;
				CLANG_WARN_COMMA = YES;
				CLANG_WARN_CONSTANT_CONVERSION = YES;
				CLANG_WARN_DEPRECATED_OBJC_IMPLEMENTATIONS = YES;
				CLANG_WARN_DIRECT_OBJC_ISA_USAGE = YES_ERROR;
				CLANG_WARN_DOCUMENTATION_COMMENTS = YES;
				CLANG_WARN_EMPTY_BODY = YES;
				CLANG_WARN_ENUM_CONVERSION = YES;
				CLANG_WARN_INFINITE_RECURSION = YES;
				CLANG_WARN_INT_CONVERSION = YES;
				CLANG_WARN_NON_LITERAL_NULL_CONVERSION = YES;
				CLANG_WARN_OBJC_IMPLICIT_RETAIN_SELF = YES;
				CLANG_WARN_OBJC_LITERAL_CONVERSION = YES;
				CLANG_WARN_OBJC_ROOT_CLASS = YES_ERROR;
				CLANG_WARN_QUOTED_INCLUDE_IN_FRAMEWORK_HEADER = YES;
				CLANG_WARN_RANGE_LOOP_ANALYSIS = YES;
				CLANG_WARN_STRICT_PROTOTYPES = YES;
				CLANG_WARN_SUSPICIOUS_MOVE = YES;
				CLANG_WARN_UNGUARDED_AVAILABILITY = YES_AGGRESSIVE;
				CLANG_WARN_UNREACHABLE_CODE = YES;
				CLANG_WARN__DUPLICATE_METHOD_MATCH = YES;
				COPY_PHASE_STRIP = NO;
				DEBUG_INFORMATION_FORMAT = dwarf;
				ENABLE_STRICT_OBJC_MSGSEND = YES;
				ENABLE_TESTABILITY = YES;
				GCC_C_LANGUAGE_STANDARD = gnu11;
				GCC_DYNAMIC_NO_PIC = NO;
				GCC_NO_COMMON_BLOCKS = YES;
				GCC_OPTIMIZATION_LEVEL = 0;
				GCC_PREPROCESSOR_DEFINITIONS = (
					"DEBUG=1",
					"$(inherited)",
				);
				GCC_WARN_64_TO_32_BIT_CONVERSION = YES;
				GCC_WARN_ABOUT_RETURN_TYPE = YES_ERROR;
				GCC_WARN_UNDECLARED_SELECTOR = YES;
				GCC_WARN_UNINITIALIZED_AUTOS = YES_AGGRESSIVE;
				GCC_WARN_UNUSED_FUNCTION = YES;
				GCC_WARN_UNUSED_VARIABLE = YES;
				IPHONEOS_DEPLOYMENT_TARGET = 14.4;
				MTL_ENABLE_DEBUG_INFO = INCLUDE_SOURCE;
				MTL_FAST_MATH = YES;
				ONLY_ACTIVE_ARCH = YES;
				SDKROOT = iphoneos;
				SWIFT_ACTIVE_COMPILATION_CONDITIONS = DEBUG;
				SWIFT_OPTIMIZATION_LEVEL = "-Onone";
			};
			name = Debug;
		};
		B898A031260A89A900F4D51C /* Release */ = {
			isa = XCBuildConfiguration;
			buildSettings = {
				ALWAYS_SEARCH_USER_PATHS = NO;
				CLANG_ANALYZER_NONNULL = YES;
				CLANG_ANALYZER_NUMBER_OBJECT_CONVERSION = YES_AGGRESSIVE;
				CLANG_CXX_LANGUAGE_STANDARD = "gnu++14";
				CLANG_CXX_LIBRARY = "libc++";
				CLANG_ENABLE_MODULES = YES;
				CLANG_ENABLE_OBJC_ARC = YES;
				CLANG_ENABLE_OBJC_WEAK = YES;
				CLANG_WARN_BLOCK_CAPTURE_AUTORELEASING = YES;
				CLANG_WARN_BOOL_CONVERSION = YES;
				CLANG_WARN_COMMA = YES;
				CLANG_WARN_CONSTANT_CONVERSION = YES;
				CLANG_WARN_DEPRECATED_OBJC_IMPLEMENTATIONS = YES;
				CLANG_WARN_DIRECT_OBJC_ISA_USAGE = YES_ERROR;
				CLANG_WARN_DOCUMENTATION_COMMENTS = YES;
				CLANG_WARN_EMPTY_BODY = YES;
				CLANG_WARN_ENUM_CONVERSION = YES;
				CLANG_WARN_INFINITE_RECURSION = YES;
				CLANG_WARN_INT_CONVERSION = YES;
				CLANG_WARN_NON_LITERAL_NULL_CONVERSION = YES;
				CLANG_WARN_OBJC_IMPLICIT_RETAIN_SELF = YES;
				CLANG_WARN_OBJC_LITERAL_CONVERSION = YES;
				CLANG_WARN_OBJC_ROOT_CLASS = YES_ERROR;
				CLANG_WARN_QUOTED_INCLUDE_IN_FRAMEWORK_HEADER = YES;
				CLANG_WARN_RANGE_LOOP_ANALYSIS = YES;
				CLANG_WARN_STRICT_PROTOTYPES = YES;
				CLANG_WARN_SUSPICIOUS_MOVE = YES;
				CLANG_WARN_UNGUARDED_AVAILABILITY = YES_AGGRESSIVE;
				CLANG_WARN_UNREACHABLE_CODE = YES;
				CLANG_WARN__DUPLICATE_METHOD_MATCH = YES;
				COPY_PHASE_STRIP = NO;
				DEBUG_INFORMATION_FORMAT = "dwarf-with-dsym";
				ENABLE_NS_ASSERTIONS = NO;
				ENABLE_STRICT_OBJC_MSGSEND = YES;
				GCC_C_LANGUAGE_STANDARD = gnu11;
				GCC_NO_COMMON_BLOCKS = YES;
				GCC_WARN_64_TO_32_BIT_CONVERSION = YES;
				GCC_WARN_ABOUT_RETURN_TYPE = YES_ERROR;
				GCC_WARN_UNDECLARED_SELECTOR = YES;
				GCC_WARN_UNINITIALIZED_AUTOS = YES_AGGRESSIVE;
				GCC_WARN_UNUSED_FUNCTION = YES;
				GCC_WARN_UNUSED_VARIABLE = YES;
				IPHONEOS_DEPLOYMENT_TARGET = 14.4;
				MTL_ENABLE_DEBUG_INFO = NO;
				MTL_FAST_MATH = YES;
				SDKROOT = iphoneos;
				SWIFT_COMPILATION_MODE = wholemodule;
				SWIFT_OPTIMIZATION_LEVEL = "-O";
				VALIDATE_PRODUCT = YES;
			};
			name = Release;
		};
		B898A033260A89A900F4D51C /* Debug */ = {
			isa = XCBuildConfiguration;
			buildSettings = {
				ASSETCATALOG_COMPILER_APPICON_NAME = AppIcon;
				ASSETCATALOG_COMPILER_GLOBAL_ACCENT_COLOR_NAME = AccentColor;
				CODE_SIGN_STYLE = Automatic;
				INFOPLIST_FILE = IsaIshangulyyev_HW2/Info.plist;
				LD_RUNPATH_SEARCH_PATHS = (
					"$(inherited)",
					"@executable_path/Frameworks",
				);
				PRODUCT_BUNDLE_IDENTIFIER = "com.ishangulyyev.IsaIshangulyyev-HW2";
				PRODUCT_NAME = "$(TARGET_NAME)";
				SWIFT_VERSION = 5.0;
				TARGETED_DEVICE_FAMILY = "1,2";
			};
			name = Debug;
		};
		B898A034260A89A900F4D51C /* Release */ = {
			isa = XCBuildConfiguration;
			buildSettings = {
				ASSETCATALOG_COMPILER_APPICON_NAME = AppIcon;
				ASSETCATALOG_COMPILER_GLOBAL_ACCENT_COLOR_NAME = AccentColor;
				CODE_SIGN_STYLE = Automatic;
				INFOPLIST_FILE = IsaIshangulyyev_HW2/Info.plist;
				LD_RUNPATH_SEARCH_PATHS = (
					"$(inherited)",
					"@executable_path/Frameworks",
				);
				PRODUCT_BUNDLE_IDENTIFIER = "com.ishangulyyev.IsaIshangulyyev-HW2";
				PRODUCT_NAME = "$(TARGET_NAME)";
				SWIFT_VERSION = 5.0;
				TARGETED_DEVICE_FAMILY = "1,2";
			};
			name = Release;
		};
/* End XCBuildConfiguration section */

/* Begin XCConfigurationList section */
		B898A019260A89A800F4D51C /* Build configuration list for PBXProject "IsaIshangulyyev_HW2" */ = {
			isa = XCConfigurationList;
			buildConfigurations = (
				B898A030260A89A900F4D51C /* Debug */,
				B898A031260A89A900F4D51C /* Release */,
			);
			defaultConfigurationIsVisible = 0;
			defaultConfigurationName = Release;
		};
		B898A032260A89A900F4D51C /* Build configuration list for PBXNativeTarget "IsaIshangulyyev_HW2" */ = {
			isa = XCConfigurationList;
			buildConfigurations = (
				B898A033260A89A900F4D51C /* Debug */,
				B898A034260A89A900F4D51C /* Release */,
			);
			defaultConfigurationIsVisible = 0;
			defaultConfigurationName = Release;
		};
/* End XCConfigurationList section */
	};
	rootObject = B898A016260A89A800F4D51C /* Project object */;
}
